
Microsoft Visual Studio Solution File, Format Version 12.00
# Visual Studio Version 16
VisualStudioVersion = 16.0.31729.503
MinimumVisualStudioVersion = 10.0.40219.1
Project("{9A19103F-16F7-4668-BE54-9A1E7A4F7556}") = "ConsoleApp1", "ConsoleApp1\ConsoleApp1.csproj", "{A231E5E2-0519-4C24-A0AF-79AE4ACB11D1}"
EndProject
Project("{9A19103F-16F7-4668-BE54-9A1E7A4F7556}") = "HNInc.Communication.Library", "HNInc.Communication.Library\HNInc.Communication.Library.csproj", "{8C15D0C2-E327-4C3B-B8DB-0640EB13E6B1}"
EndProject
Project("{FAE04EC0-301F-11D3-BF4B-00C04F79EFBC}") = "WpfImageTest", "WpfImageTest\WpfImageTest.csproj", "{D983D720-251E-4AE6-AF31-233F769627F7}"
EndProject
Global
	GlobalSection(SolutionConfigurationPlatforms) = preSolution
		Debug|Any CPU = Debug|Any CPU
		Release|Any CPU = Release|Any CPU
	EndGlobalSection
	GlobalSection(ProjectConfigurationPlatforms) = postSolution
		{A231E5E2-0519-4C24-A0AF-79AE4ACB11D1}.Debug|Any CPU.ActiveCfg = Debug|Any CPU
		{A231E5E2-0519-4C24-A0AF-79AE4ACB11D1}.Debug|Any CPU.Build.0 = Debug|Any CPU
		{A231E5E2-0519-4C24-A0AF-79AE4ACB11D1}.Release|Any CPU.ActiveCfg = Release|Any CPU
		{A231E5E2-0519-4C24-A0AF-79AE4ACB11D1}.Release|Any CPU.Build.0 = Release|Any CPU
		{8C15D0C2-E327-4C3B-B8DB-0640EB13E6B1}.Debug|Any CPU.ActiveCfg = Debug|Any CPU
		{8C15D0C2-E327-4C3B-B8DB-0640EB13E6B1}.Debug|Any CPU.Build.0 = Debug|Any CPU
		{8C15D0C2-E327-4C3B-B8DB-0640EB13E6B1}.Release|Any CPU.ActiveCfg = Release|Any CPU
		{8C15D0C2-E327-4C3B-B8DB-0640EB13E6B1}.Release|Any CPU.Build.0 = Release|Any CPU
		{D983D720-251E-4AE6-AF31-233F769627F7}.Debug|Any CPU.ActiveCfg = Debug|Any CPU
		{D983D720-251E-4AE6-AF31-233F769627F7}.Debug|Any CPU.Build.0 = Debug|Any CPU
		{D983D720-251E-4AE6-AF31-233F769627F7}.Release|Any CPU.ActiveCfg = Release|Any CPU
		{D983D720-251E-4AE6-AF31-233F769627F7}.Release|Any CPU.Build.0 = Release|Any CPU
	EndGlobalSection
	GlobalSection(SolutionProperties) = preSolution
		HideSolutionNode = FALSE
	EndGlobalSection
	GlobalSection(ExtensibilityGlobals) = postSolution
		SolutionGuid = {63DE1B6D-6334-445E-A4FE-DB9C6DD40A9D}
	EndGlobalSection
EndGlobal
